// !$*UTF8*$!
{
	archiveVersion = 1;
	classes = {
	};
	objectVersion = 46;
	objects = {

/* Begin PBXBuildFile section */
		E43041C516221B41001C62CF /* UIKit.framework in Frameworks */ = {isa = PBXBuildFile; fileRef = E43041C416221B41001C62CF /* UIKit.framework */; };
		E43041C716221B41001C62CF /* Foundation.framework in Frameworks */ = {isa = PBXBuildFile; fileRef = E43041C616221B41001C62CF /* Foundation.framework */; };
		E43041C916221B41001C62CF /* CoreGraphics.framework in Frameworks */ = {isa = PBXBuildFile; fileRef = E43041C816221B41001C62CF /* CoreGraphics.framework */; };
		E43041CF16221B41001C62CF /* InfoPlist.strings in Resources */ = {isa = PBXBuildFile; fileRef = E43041CD16221B41001C62CF /* InfoPlist.strings */; };
		E43041D116221B41001C62CF /* main.m in Sources */ = {isa = PBXBuildFile; fileRef = E43041D016221B41001C62CF /* main.m */; };
		E43041D516221B41001C62CF /* DCIAppDelegate.m in Sources */ = {isa = PBXBuildFile; fileRef = E43041D416221B41001C62CF /* DCIAppDelegate.m */; };
		E43041D716221B41001C62CF /* Default.png in Resources */ = {isa = PBXBuildFile; fileRef = E43041D616221B41001C62CF /* Default.png */; };
		E43041D916221B41001C62CF /* Default@2x.png in Resources */ = {isa = PBXBuildFile; fileRef = E43041D816221B41001C62CF /* Default@2x.png */; };
		E43041DB16221B41001C62CF /* Default-568h@2x.png in Resources */ = {isa = PBXBuildFile; fileRef = E43041DA16221B41001C62CF /* Default-568h@2x.png */; };
		E43041DE16221B41001C62CF /* DCIViewController.m in Sources */ = {isa = PBXBuildFile; fileRef = E43041DD16221B41001C62CF /* DCIViewController.m */; };
		E43041EC16221BB4001C62CF /* DCIDynamicView.m in Sources */ = {isa = PBXBuildFile; fileRef = E43041EB16221BB4001C62CF /* DCIDynamicView.m */; };
		E4AEF8131634810300773CF9 /* SFFileWatcher.m in Sources */ = {isa = PBXBuildFile; fileRef = E4AEF80B1634810300773CF9 /* SFFileWatcher.m */; };
		E4AEF8151634810300773CF9 /* SFDynamicCodeInjection.m in Sources */ = {isa = PBXBuildFile; fileRef = E4AEF8121634810300773CF9 /* SFDynamicCodeInjection.m */; };
		EEDBE1946B820D8C3626056A /* NSObject+DyCInjection.m in Sources */ = {isa = PBXBuildFile; fileRef = EEDBE758AA03415740637219 /* NSObject+DyCInjection.m */; settings = {COMPILER_FLAGS = "-fno-objc-arc"; }; };
		EEDBE4CB0525F5FB354145D1 /* UIView+SFAdditions.m in Sources */ = {isa = PBXBuildFile; fileRef = EEDBE6F509EF17F180837C4A /* UIView+SFAdditions.m */; };
		EEDBEC48E44AF14B3446126C /* NSSet+ClassesList.m in Sources */ = {isa = PBXBuildFile; fileRef = EEDBE6A125BAE1FA7C24058C /* NSSet+ClassesList.m */; };
		EEDBEE954E90DA6074761722 /* QuartzCore.framework in Frameworks */ = {isa = PBXBuildFile; fileRef = EEDBE94A9A334B0A86981B21 /* QuartzCore.framework */; };
/* End PBXBuildFile section */

/* Begin PBXFileReference section */
		E43041C016221B41001C62CF /* Dynamic Code Injection.app */ = {isa = PBXFileReference; explicitFileType = wrapper.application; includeInIndex = 0; path = "Dynamic Code Injection.app"; sourceTree = BUILT_PRODUCTS_DIR; };
		E43041C416221B41001C62CF /* UIKit.framework */ = {isa = PBXFileReference; lastKnownFileType = wrapper.framework; name = UIKit.framework; path = System/Library/Frameworks/UIKit.framework; sourceTree = SDKROOT; };
		E43041C616221B41001C62CF /* Foundation.framework */ = {isa = PBXFileReference; lastKnownFileType = wrapper.framework; name = Foundation.framework; path = System/Library/Frameworks/Foundation.framework; sourceTree = SDKROOT; };
		E43041C816221B41001C62CF /* CoreGraphics.framework */ = {isa = PBXFileReference; lastKnownFileType = wrapper.framework; name = CoreGraphics.framework; path = System/Library/Frameworks/CoreGraphics.framework; sourceTree = SDKROOT; };
		E43041CC16221B41001C62CF /* Dynamic Code Injection-Info.plist */ = {isa = PBXFileReference; lastKnownFileType = text.plist.xml; path = "Dynamic Code Injection-Info.plist"; sourceTree = "<group>"; };
		E43041CE16221B41001C62CF /* en */ = {isa = PBXFileReference; lastKnownFileType = text.plist.strings; name = en; path = en.lproj/InfoPlist.strings; sourceTree = "<group>"; };
		E43041D016221B41001C62CF /* main.m */ = {isa = PBXFileReference; lastKnownFileType = sourcecode.c.objc; path = main.m; sourceTree = "<group>"; };
		E43041D216221B41001C62CF /* Dynamic Code Injection-Prefix.pch */ = {isa = PBXFileReference; lastKnownFileType = sourcecode.c.h; path = "Dynamic Code Injection-Prefix.pch"; sourceTree = "<group>"; };
		E43041D316221B41001C62CF /* DCIAppDelegate.h */ = {isa = PBXFileReference; lastKnownFileType = sourcecode.c.h; path = DCIAppDelegate.h; sourceTree = "<group>"; };
		E43041D416221B41001C62CF /* DCIAppDelegate.m */ = {isa = PBXFileReference; lastKnownFileType = sourcecode.c.objc; path = DCIAppDelegate.m; sourceTree = "<group>"; };
		E43041D616221B41001C62CF /* Default.png */ = {isa = PBXFileReference; lastKnownFileType = image.png; path = Default.png; sourceTree = "<group>"; };
		E43041D816221B41001C62CF /* Default@2x.png */ = {isa = PBXFileReference; lastKnownFileType = image.png; path = "Default@2x.png"; sourceTree = "<group>"; };
		E43041DA16221B41001C62CF /* Default-568h@2x.png */ = {isa = PBXFileReference; lastKnownFileType = image.png; path = "Default-568h@2x.png"; sourceTree = "<group>"; };
		E43041DC16221B41001C62CF /* DCIViewController.h */ = {isa = PBXFileReference; lastKnownFileType = sourcecode.c.h; path = DCIViewController.h; sourceTree = "<group>"; };
		E43041DD16221B41001C62CF /* DCIViewController.m */ = {isa = PBXFileReference; lastKnownFileType = sourcecode.c.objc; path = DCIViewController.m; sourceTree = "<group>"; };
		E43041EA16221BB4001C62CF /* DCIDynamicView.h */ = {isa = PBXFileReference; fileEncoding = 4; lastKnownFileType = sourcecode.c.h; path = DCIDynamicView.h; sourceTree = "<group>"; };
		E43041EB16221BB4001C62CF /* DCIDynamicView.m */ = {isa = PBXFileReference; fileEncoding = 4; lastKnownFileType = sourcecode.c.objc; path = DCIDynamicView.m; sourceTree = "<group>"; };
		E4AEF80A1634810300773CF9 /* SFFileWatcher.h */ = {isa = PBXFileReference; fileEncoding = 4; lastKnownFileType = sourcecode.c.h; path = SFFileWatcher.h; sourceTree = "<group>"; };
		E4AEF80B1634810300773CF9 /* SFFileWatcher.m */ = {isa = PBXFileReference; fileEncoding = 4; lastKnownFileType = sourcecode.c.objc; path = SFFileWatcher.m; sourceTree = "<group>"; };
		E4AEF80C1634810300773CF9 /* SFFileWatcherDelegate.h */ = {isa = PBXFileReference; fileEncoding = 4; lastKnownFileType = sourcecode.c.h; path = SFFileWatcherDelegate.h; sourceTree = "<group>"; };
		E4AEF8111634810300773CF9 /* SFDynamicCodeInjection.h */ = {isa = PBXFileReference; fileEncoding = 4; lastKnownFileType = sourcecode.c.h; path = SFDynamicCodeInjection.h; sourceTree = "<group>"; };
		E4AEF8121634810300773CF9 /* SFDynamicCodeInjection.m */ = {isa = PBXFileReference; fileEncoding = 4; lastKnownFileType = sourcecode.c.objc; path = SFDynamicCodeInjection.m; sourceTree = "<group>"; };
		EEDBE4F0E7645D573BDD3CBB /* UIView+SFAdditions.h */ = {isa = PBXFileReference; fileEncoding = 4; lastKnownFileType = sourcecode.c.h; path = "UIView+SFAdditions.h"; sourceTree = "<group>"; };
		EEDBE530D55E5C8A9ADB6742 /* NSSet+ClassesList.h */ = {isa = PBXFileReference; fileEncoding = 4; lastKnownFileType = sourcecode.c.h; path = "NSSet+ClassesList.h"; sourceTree = "<group>"; };
		EEDBE6A125BAE1FA7C24058C /* NSSet+ClassesList.m */ = {isa = PBXFileReference; fileEncoding = 4; lastKnownFileType = sourcecode.c.objc; path = "NSSet+ClassesList.m"; sourceTree = "<group>"; };
		EEDBE6F509EF17F180837C4A /* UIView+SFAdditions.m */ = {isa = PBXFileReference; fileEncoding = 4; lastKnownFileType = sourcecode.c.objc; path = "UIView+SFAdditions.m"; sourceTree = "<group>"; };
		EEDBE758AA03415740637219 /* NSObject+DyCInjection.m */ = {isa = PBXFileReference; fileEncoding = 4; lastKnownFileType = sourcecode.c.objc; path = "NSObject+DyCInjection.m"; sourceTree = "<group>"; };
		EEDBE94A9A334B0A86981B21 /* QuartzCore.framework */ = {isa = PBXFileReference; lastKnownFileType = wrapper.framework; name = QuartzCore.framework; path = System/Library/Frameworks/QuartzCore.framework; sourceTree = SDKROOT; };
		EEDBEDDC1B6BC4E4C66574FC /* NSObject+DyCInjection.h */ = {isa = PBXFileReference; fileEncoding = 4; lastKnownFileType = sourcecode.c.h; path = "NSObject+DyCInjection.h"; sourceTree = "<group>"; };
		EEDBEF0066D1CE5D9DA72403 /* SFUIViewMacroses.h */ = {isa = PBXFileReference; fileEncoding = 4; lastKnownFileType = sourcecode.c.h; path = SFUIViewMacroses.h; sourceTree = "<group>"; };
/* End PBXFileReference section */

/* Begin PBXFrameworksBuildPhase section */
		E43041BD16221B41001C62CF /* Frameworks */ = {
			isa = PBXFrameworksBuildPhase;
			buildActionMask = 2147483647;
			files = (
				E43041C516221B41001C62CF /* UIKit.framework in Frameworks */,
				E43041C716221B41001C62CF /* Foundation.framework in Frameworks */,
				E43041C916221B41001C62CF /* CoreGraphics.framework in Frameworks */,
				EEDBEE954E90DA6074761722 /* QuartzCore.framework in Frameworks */,
			);
			runOnlyForDeploymentPostprocessing = 0;
		};
/* End PBXFrameworksBuildPhase section */

/* Begin PBXGroup section */
		E43041B516221B41001C62CF = {
			isa = PBXGroup;
			children = (
				E43041CA16221B41001C62CF /* Dynamic Code Injection */,
				E43041C316221B41001C62CF /* Frameworks */,
				E43041C116221B41001C62CF /* Products */,
			);
			sourceTree = "<group>";
		};
		E43041C116221B41001C62CF /* Products */ = {
			isa = PBXGroup;
			children = (
				E43041C016221B41001C62CF /* Dynamic Code Injection.app */,
			);
			name = Products;
			sourceTree = "<group>";
		};
		E43041C316221B41001C62CF /* Frameworks */ = {
			isa = PBXGroup;
			children = (
				EEDBE94A9A334B0A86981B21 /* QuartzCore.framework */,
				E43041C416221B41001C62CF /* UIKit.framework */,
				E43041C616221B41001C62CF /* Foundation.framework */,
				E43041C816221B41001C62CF /* CoreGraphics.framework */,
			);
			name = Frameworks;
			sourceTree = "<group>";
		};
		E43041CA16221B41001C62CF /* Dynamic Code Injection */ = {
			isa = PBXGroup;
			children = (
				E4AEF8081634810300773CF9 /* DCI */,
				EEDBEF0066D1CE5D9DA72403 /* SFUIViewMacroses.h */,
				EEDBE6F509EF17F180837C4A /* UIView+SFAdditions.m */,
				EEDBE4F0E7645D573BDD3CBB /* UIView+SFAdditions.h */,
				E43041EA16221BB4001C62CF /* DCIDynamicView.h */,
				E43041EB16221BB4001C62CF /* DCIDynamicView.m */,
				E43041D316221B41001C62CF /* DCIAppDelegate.h */,
				E43041D416221B41001C62CF /* DCIAppDelegate.m */,
				E43041DC16221B41001C62CF /* DCIViewController.h */,
				E43041DD16221B41001C62CF /* DCIViewController.m */,
				E43041CB16221B41001C62CF /* Supporting Files */,
			);
			path = "Dynamic Code Injection";
			sourceTree = "<group>";
		};
		E43041CB16221B41001C62CF /* Supporting Files */ = {
			isa = PBXGroup;
			children = (
				E43041CC16221B41001C62CF /* Dynamic Code Injection-Info.plist */,
				E43041CD16221B41001C62CF /* InfoPlist.strings */,
				E43041D016221B41001C62CF /* main.m */,
				E43041D216221B41001C62CF /* Dynamic Code Injection-Prefix.pch */,
				E43041D616221B41001C62CF /* Default.png */,
				E43041D816221B41001C62CF /* Default@2x.png */,
				E43041DA16221B41001C62CF /* Default-568h@2x.png */,
			);
			name = "Supporting Files";
			sourceTree = "<group>";
		};
		E4AEF8081634810300773CF9 /* DCI */ = {
			isa = PBXGroup;
			children = (
				E4AEF8091634810300773CF9 /* FileWatcher */,
				E4AEF80E1634810300773CF9 /* Injections */,
				E4AEF8111634810300773CF9 /* SFDynamicCodeInjection.h */,
				E4AEF8121634810300773CF9 /* SFDynamicCodeInjection.m */,
				EEDBECC5BC38756C076DEC00 /* Categories */,
			);
			path = DCI;
			sourceTree = "<group>";
		};
		E4AEF8091634810300773CF9 /* FileWatcher */ = {
			isa = PBXGroup;
			children = (
				E4AEF80A1634810300773CF9 /* SFFileWatcher.h */,
				E4AEF80B1634810300773CF9 /* SFFileWatcher.m */,
				E4AEF80C1634810300773CF9 /* SFFileWatcherDelegate.h */,
			);
			path = FileWatcher;
			sourceTree = "<group>";
		};
		E4AEF80E1634810300773CF9 /* Injections */ = {
			isa = PBXGroup;
			children = (
				EEDBE758AA03415740637219 /* NSObject+DyCInjection.m */,
				EEDBEDDC1B6BC4E4C66574FC /* NSObject+DyCInjection.h */,
			);
			path = Injections;
			sourceTree = "<group>";
		};
		EEDBECC5BC38756C076DEC00 /* Categories */ = {
			isa = PBXGroup;
			children = (
				EEDBE6A125BAE1FA7C24058C /* NSSet+ClassesList.m */,
				EEDBE530D55E5C8A9ADB6742 /* NSSet+ClassesList.h */,
			);
			path = Categories;
			sourceTree = "<group>";
		};
/* End PBXGroup section */

/* Begin PBXNativeTarget section */
		E43041BF16221B41001C62CF /* Dynamic Code Injection */ = {
			isa = PBXNativeTarget;
			buildConfigurationList = E43041E416221B41001C62CF /* Build configuration list for PBXNativeTarget "Dynamic Code Injection" */;
			buildPhases = (
				E43041BC16221B41001C62CF /* Sources */,
				E43041BD16221B41001C62CF /* Frameworks */,
				E43041BE16221B41001C62CF /* Resources */,
			);
			buildRules = (
			);
			dependencies = (
			);
			name = "Dynamic Code Injection";
			productName = "Dynamic Code Injection";
			productReference = E43041C016221B41001C62CF /* Dynamic Code Injection.app */;
			productType = "com.apple.product-type.application";
		};
/* End PBXNativeTarget section */

/* Begin PBXProject section */
		E43041B716221B41001C62CF /* Project object */ = {
			isa = PBXProject;
			attributes = {
				CLASSPREFIX = DCI;
				LastUpgradeCheck = 0450;
				ORGANIZATIONNAME = Stanfy;
			};
			buildConfigurationList = E43041BA16221B41001C62CF /* Build configuration list for PBXProject "Dynamic Code Injection" */;
			compatibilityVersion = "Xcode 3.2";
			developmentRegion = English;
			hasScannedForEncodings = 0;
			knownRegions = (
				en,
			);
			mainGroup = E43041B516221B41001C62CF;
			productRefGroup = E43041C116221B41001C62CF /* Products */;
			projectDirPath = "";
			projectRoot = "";
			targets = (
				E43041BF16221B41001C62CF /* Dynamic Code Injection */,
			);
		};
/* End PBXProject section */

/* Begin PBXResourcesBuildPhase section */
		E43041BE16221B41001C62CF /* Resources */ = {
			isa = PBXResourcesBuildPhase;
			buildActionMask = 2147483647;
			files = (
				E43041CF16221B41001C62CF /* InfoPlist.strings in Resources */,
				E43041D716221B41001C62CF /* Default.png in Resources */,
				E43041D916221B41001C62CF /* Default@2x.png in Resources */,
				E43041DB16221B41001C62CF /* Default-568h@2x.png in Resources */,
			);
			runOnlyForDeploymentPostprocessing = 0;
		};
/* End PBXResourcesBuildPhase section */

/* Begin PBXSourcesBuildPhase section */
		E43041BC16221B41001C62CF /* Sources */ = {
			isa = PBXSourcesBuildPhase;
			buildActionMask = 2147483647;
			files = (
				E43041D116221B41001C62CF /* main.m in Sources */,
				E43041D516221B41001C62CF /* DCIAppDelegate.m in Sources */,
				E43041DE16221B41001C62CF /* DCIViewController.m in Sources */,
				E43041EC16221BB4001C62CF /* DCIDynamicView.m in Sources */,
				EEDBE4CB0525F5FB354145D1 /* UIView+SFAdditions.m in Sources */,
				E4AEF8131634810300773CF9 /* SFFileWatcher.m in Sources */,
				E4AEF8151634810300773CF9 /* SFDynamicCodeInjection.m in Sources */,
				EEDBE1946B820D8C3626056A /* NSObject+DyCInjection.m in Sources */,
				EEDBEC48E44AF14B3446126C /* NSSet+ClassesList.m in Sources */,
			);
			runOnlyForDeploymentPostprocessing = 0;
		};
/* End PBXSourcesBuildPhase section */

/* Begin PBXVariantGroup section */
		E43041CD16221B41001C62CF /* InfoPlist.strings */ = {
			isa = PBXVariantGroup;
			children = (
				E43041CE16221B41001C62CF /* en */,
			);
			name = InfoPlist.strings;
			sourceTree = "<group>";
		};
/* End PBXVariantGroup section */

/* Begin XCBuildConfiguration section */
		E43041E216221B41001C62CF /* Debug */ = {
			isa = XCBuildConfiguration;
			buildSettings = {
				ALWAYS_SEARCH_USER_PATHS = NO;
				CLANG_CXX_LANGUAGE_STANDARD = "gnu++0x";
				CLANG_CXX_LIBRARY = "libc++";
				CLANG_ENABLE_OBJC_ARC = YES;
				CLANG_WARN_EMPTY_BODY = YES;
				CLANG_WARN__DUPLICATE_METHOD_MATCH = YES;
				"CODE_SIGN_IDENTITY[sdk=iphoneos*]" = "iPhone Developer";
				COPY_PHASE_STRIP = NO;
				GCC_C_LANGUAGE_STANDARD = gnu99;
				GCC_DYNAMIC_NO_PIC = NO;
				GCC_OPTIMIZATION_LEVEL = 0;
				GCC_PREPROCESSOR_DEFINITIONS = (
					"DEBUG=1",
					"$(inherited)",
				);
				GCC_SYMBOLS_PRIVATE_EXTERN = NO;
				GCC_WARN_ABOUT_RETURN_TYPE = YES;
				GCC_WARN_UNINITIALIZED_AUTOS = YES;
				GCC_WARN_UNUSED_VARIABLE = YES;
				IPHONEOS_DEPLOYMENT_TARGET = 4.3;
				ONLY_ACTIVE_ARCH = YES;
				SDKROOT = iphoneos;
			};
			name = Debug;
		};
		E43041E316221B41001C62CF /* Release */ = {
			isa = XCBuildConfiguration;
			buildSettings = {
				ALWAYS_SEARCH_USER_PATHS = NO;
				CLANG_CXX_LANGUAGE_STANDARD = "gnu++0x";
				CLANG_CXX_LIBRARY = "libc++";
				CLANG_ENABLE_OBJC_ARC = YES;
				CLANG_WARN_EMPTY_BODY = YES;
				CLANG_WARN__DUPLICATE_METHOD_MATCH = YES;
				"CODE_SIGN_IDENTITY[sdk=iphoneos*]" = "iPhone Developer";
				COPY_PHASE_STRIP = YES;
				GCC_C_LANGUAGE_STANDARD = gnu99;
				GCC_WARN_ABOUT_RETURN_TYPE = YES;
				GCC_WARN_UNINITIALIZED_AUTOS = YES;
				GCC_WARN_UNUSED_VARIABLE = YES;
				IPHONEOS_DEPLOYMENT_TARGET = 4.3;
				OTHER_CFLAGS = "-DNS_BLOCK_ASSERTIONS=1";
				SDKROOT = iphoneos;
				VALIDATE_PRODUCT = YES;
			};
			name = Release;
		};
		E43041E516221B41001C62CF /* Debug */ = {
			isa = XCBuildConfiguration;
			buildSettings = {
				GCC_PRECOMPILE_PREFIX_HEADER = YES;
				GCC_PREFIX_HEADER = "Dynamic Code Injection/Dynamic Code Injection-Prefix.pch";
				GCC_VERSION = "";
				INFOPLIST_FILE = "Dynamic Code Injection/Dynamic Code Injection-Info.plist";
				PRODUCT_NAME = "$(TARGET_NAME)";
				WRAPPER_EXTENSION = app;
			};
			name = Debug;
		};
		E43041E616221B41001C62CF /* Release */ = {
			isa = XCBuildConfiguration;
			buildSettings = {
				GCC_PRECOMPILE_PREFIX_HEADER = YES;
				GCC_PREFIX_HEADER = "Dynamic Code Injection/Dynamic Code Injection-Prefix.pch";
				GCC_VERSION = "";
				INFOPLIST_FILE = "Dynamic Code Injection/Dynamic Code Injection-Info.plist";
				PRODUCT_NAME = "$(TARGET_NAME)";
				WRAPPER_EXTENSION = app;
			};
			name = Release;
		};
/* End XCBuildConfiguration section */

/* Begin XCConfigurationList section */
		E43041BA16221B41001C62CF /* Build configuration list for PBXProject "Dynamic Code Injection" */ = {
			isa = XCConfigurationList;
			buildConfigurations = (
				E43041E216221B41001C62CF /* Debug */,
				E43041E316221B41001C62CF /* Release */,
			);
			defaultConfigurationIsVisible = 0;
			defaultConfigurationName = Release;
		};
		E43041E416221B41001C62CF /* Build configuration list for PBXNativeTarget "Dynamic Code Injection" */ = {
			isa = XCConfigurationList;
			buildConfigurations = (
				E43041E516221B41001C62CF /* Debug */,
				E43041E616221B41001C62CF /* Release */,
			);
			defaultConfigurationIsVisible = 0;
			defaultConfigurationName = Release;
		};
/* End XCConfigurationList section */
	};
	rootObject = E43041B716221B41001C62CF /* Project object */;
}
