// !$*UTF8*$!
{
	archiveVersion = 1;
	classes = {
	};
	objectVersion = 46;
	objects = {

/* Begin PBXBuildFile section */
		1737C2BCFD1A5B029A1B0E54 /* SFDYCIClangProxyRecompiler.m in Sources */ = {isa = PBXBuildFile; fileRef = 1737CF389569838AC0C41A66 /* SFDYCIClangProxyRecompiler.m */; };
		1737C3690489071295F1ED2A /* SFDYCIViewsHelper.m in Sources */ = {isa = PBXBuildFile; fileRef = 1737CCFD789AA4DC9CDB53E4 /* SFDYCIViewsHelper.m */; };
		1737C63CAAB3BAD48D707967 /* SFDYCIClangParams.m in Sources */ = {isa = PBXBuildFile; fileRef = 1737CDD9227B03811DB7C8F3 /* SFDYCIClangParams.m */; };
		1737C7E4C6DBE4A12ADCEE5A /* SFDYCICompositeRecompiler.m in Sources */ = {isa = PBXBuildFile; fileRef = 1737CBFD482340A6C0A3813D /* SFDYCICompositeRecompiler.m */; };
		1737C9E0C86E268DF36FB95E /* SFDYCIXcodeObjectiveCRecompiler.m in Sources */ = {isa = PBXBuildFile; fileRef = 1737CA6A14FB753D1457D1A1 /* SFDYCIXcodeObjectiveCRecompiler.m */; };
		1737CBA138DC45E51677E3A5 /* SFDYCIClangParamsExtractor.m in Sources */ = {isa = PBXBuildFile; fileRef = 1737CA7088CD44F21AE7CAF3 /* SFDYCIClangParamsExtractor.m */; };
		1737CBAF94811668C5651B06 /* SFDYCIPlugin.m in Sources */ = {isa = PBXBuildFile; fileRef = 1737CFAB9E49A9FE6BAF7BF7 /* SFDYCIPlugin.m */; };
		1737CD95A064DFFFFA81EA41 /* SFDYCIResultView.m in Sources */ = {isa = PBXBuildFile; fileRef = 1737CFE8681081201C1D17A9 /* SFDYCIResultView.m */; };
		4523F2F31E5F7A9B468CD015 /* NSObject+Runtime.m in Sources */ = {isa = PBXBuildFile; fileRef = 4523F73C8941AA3ADCE7FCB5 /* NSObject+Runtime.m */; };
		4523F86D385DA84639278A62 /* SFDYCIErrorFactory.m in Sources */ = {isa = PBXBuildFile; fileRef = 4523FC9E721C8A40333A1C57 /* SFDYCIErrorFactory.m */; };
		4523FF196CB3C89E73C549A5 /* SFDYCIXCodeHelper.m in Sources */ = {isa = PBXBuildFile; fileRef = 4523F5428F7FF0BEBBA8EB36 /* SFDYCIXCodeHelper.m */; };
		73966C251B15F4F800F39A28 /* DYCI_CCPRunOperation.m in Sources */ = {isa = PBXBuildFile; fileRef = 73966C1B1B15F4F800F39A28 /* DYCI_CCPRunOperation.m */; };
		73966C261B15F4F800F39A28 /* DYCI_CCPShellRunner.m in Sources */ = {isa = PBXBuildFile; fileRef = 73966C1D1B15F4F800F39A28 /* DYCI_CCPShellRunner.m */; };
		73966C281B15F4F800F39A28 /* DYCI_CCPXCodeConsole.m in Sources */ = {isa = PBXBuildFile; fileRef = 73966C211B15F4F800F39A28 /* DYCI_CCPXCodeConsole.m */; };
		7F2EB89C145057F200E97A87 /* AppKit.framework in Frameworks */ = {isa = PBXBuildFile; fileRef = 7F2EB899145057EA00E97A87 /* AppKit.framework */; };
		DA1B5D020E64686800921439 /* Foundation.framework in Frameworks */ = {isa = PBXBuildFile; fileRef = 089C1672FE841209C02AAC07 /* Foundation.framework */; };
/* End PBXBuildFile section */

/* Begin PBXFileReference section */
		089C1672FE841209C02AAC07 /* Foundation.framework */ = {isa = PBXFileReference; lastKnownFileType = wrapper.framework; name = Foundation.framework; path = /System/Library/Frameworks/Foundation.framework; sourceTree = "<absolute>"; };
		1737C04FC1098BB8BB1817A2 /* SFDYCIResultView.h */ = {isa = PBXFileReference; fileEncoding = 4; lastKnownFileType = sourcecode.c.h; path = SFDYCIResultView.h; sourceTree = "<group>"; };
		1737C245F8C91F3F6E029D92 /* SFDYCIXcodeObjectiveCRecompiler.h */ = {isa = PBXFileReference; fileEncoding = 4; lastKnownFileType = sourcecode.c.h; path = SFDYCIXcodeObjectiveCRecompiler.h; sourceTree = "<group>"; };
		1737C47F20083EDA975C219F /* SFDYCIPlugin.h */ = {isa = PBXFileReference; fileEncoding = 4; lastKnownFileType = sourcecode.c.h; path = SFDYCIPlugin.h; sourceTree = "<group>"; };
		1737C6F659CDFC8C7F47548C /* SFDYCIViewsHelper.h */ = {isa = PBXFileReference; fileEncoding = 4; lastKnownFileType = sourcecode.c.h; path = SFDYCIViewsHelper.h; sourceTree = "<group>"; };
		1737CA6A14FB753D1457D1A1 /* SFDYCIXcodeObjectiveCRecompiler.m */ = {isa = PBXFileReference; fileEncoding = 4; lastKnownFileType = sourcecode.c.objc; path = SFDYCIXcodeObjectiveCRecompiler.m; sourceTree = "<group>"; };
		1737CA7088CD44F21AE7CAF3 /* SFDYCIClangParamsExtractor.m */ = {isa = PBXFileReference; fileEncoding = 4; lastKnownFileType = sourcecode.c.objc; path = SFDYCIClangParamsExtractor.m; sourceTree = "<group>"; };
		1737CB33CDBF11DB8BEF5125 /* SFDYCIClangParamsExtractor.h */ = {isa = PBXFileReference; fileEncoding = 4; lastKnownFileType = sourcecode.c.h; path = SFDYCIClangParamsExtractor.h; sourceTree = "<group>"; };
		1737CBC550D3E59A685E154A /* SFDYCIClangParams.h */ = {isa = PBXFileReference; fileEncoding = 4; lastKnownFileType = sourcecode.c.h; path = SFDYCIClangParams.h; sourceTree = "<group>"; };
		1737CBFD482340A6C0A3813D /* SFDYCICompositeRecompiler.m */ = {isa = PBXFileReference; fileEncoding = 4; lastKnownFileType = sourcecode.c.objc; path = SFDYCICompositeRecompiler.m; sourceTree = "<group>"; };
		1737CCFD789AA4DC9CDB53E4 /* SFDYCIViewsHelper.m */ = {isa = PBXFileReference; fileEncoding = 4; lastKnownFileType = sourcecode.c.objc; path = SFDYCIViewsHelper.m; sourceTree = "<group>"; };
		1737CDD9227B03811DB7C8F3 /* SFDYCIClangParams.m */ = {isa = PBXFileReference; fileEncoding = 4; lastKnownFileType = sourcecode.c.objc; path = SFDYCIClangParams.m; sourceTree = "<group>"; };
		1737CDFB90E8AC6772970F77 /* SFDYCICompositeRecompiler.h */ = {isa = PBXFileReference; fileEncoding = 4; lastKnownFileType = sourcecode.c.h; path = SFDYCICompositeRecompiler.h; sourceTree = "<group>"; };
		1737CE6910D7AA464D927345 /* SFDYCIRecompilerProtocol.h */ = {isa = PBXFileReference; fileEncoding = 4; lastKnownFileType = sourcecode.c.h; path = SFDYCIRecompilerProtocol.h; sourceTree = "<group>"; };
		1737CF389569838AC0C41A66 /* SFDYCIClangProxyRecompiler.m */ = {isa = PBXFileReference; fileEncoding = 4; lastKnownFileType = sourcecode.c.objc; path = SFDYCIClangProxyRecompiler.m; sourceTree = "<group>"; };
		1737CF3AC0D6F6BC71E07DBF /* SFDYCIClangProxyRecompiler.h */ = {isa = PBXFileReference; fileEncoding = 4; lastKnownFileType = sourcecode.c.h; path = SFDYCIClangProxyRecompiler.h; sourceTree = "<group>"; };
		1737CFAB9E49A9FE6BAF7BF7 /* SFDYCIPlugin.m */ = {isa = PBXFileReference; fileEncoding = 4; lastKnownFileType = sourcecode.c.objc; path = SFDYCIPlugin.m; sourceTree = "<group>"; };
		1737CFE8681081201C1D17A9 /* SFDYCIResultView.m */ = {isa = PBXFileReference; fileEncoding = 4; lastKnownFileType = sourcecode.c.objc; path = SFDYCIResultView.m; sourceTree = "<group>"; };
		4523F1E20D3E3CA252279BB2 /* CDRSXcodeDevToolsInterfaces.h */ = {isa = PBXFileReference; fileEncoding = 4; lastKnownFileType = sourcecode.c.h; path = CDRSXcodeDevToolsInterfaces.h; sourceTree = "<group>"; };
		4523F3753BCD10ECFEB8F210 /* SFDYCIXCodeHelper.h */ = {isa = PBXFileReference; fileEncoding = 4; lastKnownFileType = sourcecode.c.h; path = SFDYCIXCodeHelper.h; sourceTree = "<group>"; };
		4523F5428F7FF0BEBBA8EB36 /* SFDYCIXCodeHelper.m */ = {isa = PBXFileReference; fileEncoding = 4; lastKnownFileType = sourcecode.c.objc; path = SFDYCIXCodeHelper.m; sourceTree = "<group>"; };
		4523F73C8941AA3ADCE7FCB5 /* NSObject+Runtime.m */ = {isa = PBXFileReference; fileEncoding = 4; lastKnownFileType = sourcecode.c.objc; path = "NSObject+Runtime.m"; sourceTree = "<group>"; };
		4523FC9E721C8A40333A1C57 /* SFDYCIErrorFactory.m */ = {isa = PBXFileReference; fileEncoding = 4; lastKnownFileType = sourcecode.c.objc; path = SFDYCIErrorFactory.m; sourceTree = "<group>"; };
		4523FCEBD65EB1E218CD94FC /* NSObject+Runtime.h */ = {isa = PBXFileReference; fileEncoding = 4; lastKnownFileType = sourcecode.c.h; path = "NSObject+Runtime.h"; sourceTree = "<group>"; };
		4523FF3ED09FDC7DB00429D1 /* CDRSXcodeInterfaces.h */ = {isa = PBXFileReference; fileEncoding = 4; lastKnownFileType = sourcecode.c.h; path = CDRSXcodeInterfaces.h; sourceTree = "<group>"; };
		4523FF602E8A438EFBC74F65 /* SFDYCIErrorFactory.h */ = {isa = PBXFileReference; fileEncoding = 4; lastKnownFileType = sourcecode.c.h; path = SFDYCIErrorFactory.h; sourceTree = "<group>"; };
		73966C1A1B15F4F800F39A28 /* DYCI_CCPRunOperation.h */ = {isa = PBXFileReference; fileEncoding = 4; lastKnownFileType = sourcecode.c.h; path = DYCI_CCPRunOperation.h; sourceTree = "<group>"; };
		73966C1B1B15F4F800F39A28 /* DYCI_CCPRunOperation.m */ = {isa = PBXFileReference; fileEncoding = 4; lastKnownFileType = sourcecode.c.objc; path = DYCI_CCPRunOperation.m; sourceTree = "<group>"; };
		73966C1C1B15F4F800F39A28 /* DYCI_CCPShellRunner.h */ = {isa = PBXFileReference; fileEncoding = 4; lastKnownFileType = sourcecode.c.h; path = DYCI_CCPShellRunner.h; sourceTree = "<group>"; };
		73966C1D1B15F4F800F39A28 /* DYCI_CCPShellRunner.m */ = {isa = PBXFileReference; fileEncoding = 4; lastKnownFileType = sourcecode.c.objc; path = DYCI_CCPShellRunner.m; sourceTree = "<group>"; };
		73966C201B15F4F800F39A28 /* DYCI_CCPXCodeConsole.h */ = {isa = PBXFileReference; fileEncoding = 4; lastKnownFileType = sourcecode.c.h; path = DYCI_CCPXCodeConsole.h; sourceTree = "<group>"; };
		73966C211B15F4F800F39A28 /* DYCI_CCPXCodeConsole.m */ = {isa = PBXFileReference; fileEncoding = 4; lastKnownFileType = sourcecode.c.objc; path = DYCI_CCPXCodeConsole.m; sourceTree = "<group>"; };
		7F2EB899145057EA00E97A87 /* AppKit.framework */ = {isa = PBXFileReference; lastKnownFileType = wrapper.framework; name = AppKit.framework; path = System/Library/Frameworks/AppKit.framework; sourceTree = SDKROOT; };
		8D5B49B6048680CD000E48DA /* SFDYCIPlugin.xcplugin */ = {isa = PBXFileReference; explicitFileType = wrapper.cfbundle; includeInIndex = 0; path = SFDYCIPlugin.xcplugin; sourceTree = BUILT_PRODUCTS_DIR; };
		8D5B49B7048680CD000E48DA /* Info.plist */ = {isa = PBXFileReference; fileEncoding = 4; lastKnownFileType = text.plist.xml; path = Info.plist; sourceTree = "<group>"; };
/* End PBXFileReference section */

/* Begin PBXFrameworksBuildPhase section */
		8D5B49B3048680CD000E48DA /* Frameworks */ = {
			isa = PBXFrameworksBuildPhase;
			buildActionMask = 2147483647;
			files = (
				DA1B5D020E64686800921439 /* Foundation.framework in Frameworks */,
				7F2EB89C145057F200E97A87 /* AppKit.framework in Frameworks */,
			);
			runOnlyForDeploymentPostprocessing = 0;
		};
/* End PBXFrameworksBuildPhase section */

/* Begin PBXGroup section */
		089C166AFE841209C02AAC07 /* QuietXcode */ = {
			isa = PBXGroup;
			children = (
				7F411B0C15FABAC6002F77B6 /* Classes */,
				089C167CFE841241C02AAC07 /* Resources */,
				089C1671FE841209C02AAC07 /* Frameworks and Libraries */,
				19C28FB8FE9D52D311CA2CBB /* Products */,
			);
			name = QuietXcode;
			sourceTree = "<group>";
		};
		089C1671FE841209C02AAC07 /* Frameworks and Libraries */ = {
			isa = PBXGroup;
			children = (
				7F2EB899145057EA00E97A87 /* AppKit.framework */,
				089C1672FE841209C02AAC07 /* Foundation.framework */,
			);
			name = "Frameworks and Libraries";
			sourceTree = "<group>";
		};
		089C167CFE841241C02AAC07 /* Resources */ = {
			isa = PBXGroup;
			children = (
				8D5B49B7048680CD000E48DA /* Info.plist */,
			);
			name = Resources;
			sourceTree = "<group>";
		};
		1737C1826A687E328A6CFF33 /* Views */ = {
			isa = PBXGroup;
			children = (
				1737CFE8681081201C1D17A9 /* SFDYCIResultView.m */,
				1737C04FC1098BB8BB1817A2 /* SFDYCIResultView.h */,
				1737CCFD789AA4DC9CDB53E4 /* SFDYCIViewsHelper.m */,
				1737C6F659CDFC8C7F47548C /* SFDYCIViewsHelper.h */,
			);
			path = Views;
			sourceTree = "<group>";
		};
		1737C4AD29A3020297BF4366 /* Mix */ = {
			isa = PBXGroup;
			children = (
				1737CBFD482340A6C0A3813D /* SFDYCICompositeRecompiler.m */,
				1737CDFB90E8AC6772970F77 /* SFDYCICompositeRecompiler.h */,
			);
			path = Mix;
			sourceTree = "<group>";
		};
		1737C6426DFB00D887DF394F /* Plugin */ = {
			isa = PBXGroup;
			children = (
				1737CFAB9E49A9FE6BAF7BF7 /* SFDYCIPlugin.m */,
				1737C47F20083EDA975C219F /* SFDYCIPlugin.h */,
				1737C1826A687E328A6CFF33 /* Views */,
			);
			path = Plugin;
			sourceTree = "<group>";
		};
		1737C887D4A2F3E4D54F3BCB /* Protocols */ = {
			isa = PBXGroup;
			children = (
				1737CE6910D7AA464D927345 /* SFDYCIRecompilerProtocol.h */,
			);
			path = Protocols;
			sourceTree = "<group>";
		};
		1737C88A919343D1212DE02E /* Xcode */ = {
			isa = PBXGroup;
			children = (
				1737CA6A14FB753D1457D1A1 /* SFDYCIXcodeObjectiveCRecompiler.m */,
				1737C245F8C91F3F6E029D92 /* SFDYCIXcodeObjectiveCRecompiler.h */,
				1737CDD9227B03811DB7C8F3 /* SFDYCIClangParams.m */,
				1737CBC550D3E59A685E154A /* SFDYCIClangParams.h */,
				1737CA7088CD44F21AE7CAF3 /* SFDYCIClangParamsExtractor.m */,
				1737CB33CDBF11DB8BEF5125 /* SFDYCIClangParamsExtractor.h */,
			);
			path = Xcode;
			sourceTree = "<group>";
		};
		1737CC6E0135B339CEF099A6 /* Helpers */ = {
			isa = PBXGroup;
			children = (
				73966C1A1B15F4F800F39A28 /* DYCI_CCPRunOperation.h */,
				73966C1B1B15F4F800F39A28 /* DYCI_CCPRunOperation.m */,
				73966C1C1B15F4F800F39A28 /* DYCI_CCPShellRunner.h */,
				73966C1D1B15F4F800F39A28 /* DYCI_CCPShellRunner.m */,
				73966C201B15F4F800F39A28 /* DYCI_CCPXCodeConsole.h */,
				73966C211B15F4F800F39A28 /* DYCI_CCPXCodeConsole.m */,
			);
			path = Helpers;
			sourceTree = "<group>";
		};
		1737CD879D57CBAAAAA89682 /* implementations */ = {
			isa = PBXGroup;
			children = (
				1737CD8ED2A9C8FA4A398C1D /* PythonScript */,
				1737C88A919343D1212DE02E /* Xcode */,
				1737C4AD29A3020297BF4366 /* Mix */,
			);
			path = implementations;
			sourceTree = "<group>";
		};
		1737CD8ED2A9C8FA4A398C1D /* PythonScript */ = {
			isa = PBXGroup;
			children = (
				1737CF389569838AC0C41A66 /* SFDYCIClangProxyRecompiler.m */,
				1737CF3AC0D6F6BC71E07DBF /* SFDYCIClangProxyRecompiler.h */,
			);
			path = PythonScript;
			sourceTree = "<group>";
		};
		19C28FB8FE9D52D311CA2CBB /* Products */ = {
			isa = PBXGroup;
			children = (
				8D5B49B6048680CD000E48DA /* SFDYCIPlugin.xcplugin */,
			);
			name = Products;
			sourceTree = "<group>";
		};
		4523F3CC8713DEC357CD6D9F /* Xcode */ = {
			isa = PBXGroup;
			children = (
				4523FF3ED09FDC7DB00429D1 /* CDRSXcodeInterfaces.h */,
				4523F5428F7FF0BEBBA8EB36 /* SFDYCIXCodeHelper.m */,
				4523F3753BCD10ECFEB8F210 /* SFDYCIXCodeHelper.h */,
				4523F1E20D3E3CA252279BB2 /* CDRSXcodeDevToolsInterfaces.h */,
				1737CC6E0135B339CEF099A6 /* Helpers */,
			);
			path = Xcode;
			sourceTree = "<group>";
		};
		4523FE36F1A55E5D468A73AE /* Recompiler */ = {
			isa = PBXGroup;
			children = (
				1737C887D4A2F3E4D54F3BCB /* Protocols */,
				1737CD879D57CBAAAAA89682 /* implementations */,
			);
			path = Recompiler;
			sourceTree = "<group>";
		};
		4523FF1CFEDB693809568C57 /* Utils */ = {
			isa = PBXGroup;
			children = (
				4523F73C8941AA3ADCE7FCB5 /* NSObject+Runtime.m */,
				4523FCEBD65EB1E218CD94FC /* NSObject+Runtime.h */,
				4523FC9E721C8A40333A1C57 /* SFDYCIErrorFactory.m */,
				4523FF602E8A438EFBC74F65 /* SFDYCIErrorFactory.h */,
			);
			path = Utils;
			sourceTree = "<group>";
		};
		7F411B0C15FABAC6002F77B6 /* Classes */ = {
			isa = PBXGroup;
			children = (
				4523F3CC8713DEC357CD6D9F /* Xcode */,
				4523FE36F1A55E5D468A73AE /* Recompiler */,
				4523FF1CFEDB693809568C57 /* Utils */,
				1737C6426DFB00D887DF394F /* Plugin */,
			);
			path = Classes;
			sourceTree = "<group>";
		};
/* End PBXGroup section */

/* Begin PBXNativeTarget section */
		8D5B49AC048680CD000E48DA /* SFDYCIPlugin */ = {
			isa = PBXNativeTarget;
			buildConfigurationList = 1DEB913A08733D840010E9CD /* Build configuration list for PBXNativeTarget "SFDYCIPlugin" */;
			buildPhases = (
				8D5B49B1048680CD000E48DA /* Sources */,
				8D5B49B3048680CD000E48DA /* Frameworks */,
			);
			buildRules = (
			);
			dependencies = (
			);
			name = SFDYCIPlugin;
			productInstallPath = "$(HOME)/Library/Bundles";
			productName = QuietXcode;
			productReference = 8D5B49B6048680CD000E48DA /* SFDYCIPlugin.xcplugin */;
			productType = "com.apple.product-type.bundle";
		};
/* End PBXNativeTarget section */

/* Begin PBXProject section */
		089C1669FE841209C02AAC07 /* Project object */ = {
			isa = PBXProject;
			attributes = {
				LastUpgradeCheck = 0630;
			};
			buildConfigurationList = 1DEB913E08733D840010E9CD /* Build configuration list for PBXProject "SFDYCIPlugin" */;
			compatibilityVersion = "Xcode 3.2";
			developmentRegion = English;
			hasScannedForEncodings = 1;
			knownRegions = (
				English,
				Japanese,
				French,
				German,
			);
			mainGroup = 089C166AFE841209C02AAC07 /* QuietXcode */;
			projectDirPath = "";
			projectRoot = "";
			targets = (
				8D5B49AC048680CD000E48DA /* SFDYCIPlugin */,
			);
		};
/* End PBXProject section */

/* Begin PBXSourcesBuildPhase section */
		8D5B49B1048680CD000E48DA /* Sources */ = {
			isa = PBXSourcesBuildPhase;
			buildActionMask = 2147483647;
			files = (
				4523FF196CB3C89E73C549A5 /* SFDYCIXCodeHelper.m in Sources */,
				4523F2F31E5F7A9B468CD015 /* NSObject+Runtime.m in Sources */,
				73966C261B15F4F800F39A28 /* DYCI_CCPShellRunner.m in Sources */,
				4523F86D385DA84639278A62 /* SFDYCIErrorFactory.m in Sources */,
				1737C2BCFD1A5B029A1B0E54 /* SFDYCIClangProxyRecompiler.m in Sources */,
				73966C281B15F4F800F39A28 /* DYCI_CCPXCodeConsole.m in Sources */,
				1737C9E0C86E268DF36FB95E /* SFDYCIXcodeObjectiveCRecompiler.m in Sources */,
				1737C63CAAB3BAD48D707967 /* SFDYCIClangParams.m in Sources */,
				1737CBA138DC45E51677E3A5 /* SFDYCIClangParamsExtractor.m in Sources */,
				1737CBAF94811668C5651B06 /* SFDYCIPlugin.m in Sources */,
				1737CD95A064DFFFFA81EA41 /* SFDYCIResultView.m in Sources */,
				1737C3690489071295F1ED2A /* SFDYCIViewsHelper.m in Sources */,
				73966C251B15F4F800F39A28 /* DYCI_CCPRunOperation.m in Sources */,
				1737C7E4C6DBE4A12ADCEE5A /* SFDYCICompositeRecompiler.m in Sources */,
			);
			runOnlyForDeploymentPostprocessing = 0;
		};
/* End PBXSourcesBuildPhase section */

/* Begin XCBuildConfiguration section */
		1DEB913B08733D840010E9CD /* Debug */ = {
			isa = XCBuildConfiguration;
			buildSettings = {
				ALWAYS_SEARCH_USER_PATHS = NO;
				CLANG_ENABLE_OBJC_ARC = YES;
				COMBINE_HIDPI_IMAGES = YES;
				COPY_PHASE_STRIP = NO;
				DEPLOYMENT_LOCATION = YES;
				DEPLOYMENT_POSTPROCESSING = YES;
				DSTROOT = "$(HOME)";
				GCC_DYNAMIC_NO_PIC = NO;
				GCC_ENABLE_OBJC_GC = unsupported;
				GCC_MODEL_TUNING = G5;
				GCC_OPTIMIZATION_LEVEL = 0;
				INFOPLIST_FILE = Info.plist;
				INSTALL_PATH = "/Library/Application Support/Developer/Shared/Xcode/Plug-ins";
				LD_RUNPATH_SEARCH_PATHS = /Developer;
				PRODUCT_NAME = SFDYCIPlugin;
				STRIP_INSTALLED_PRODUCT = NO;
				WRAPPER_EXTENSION = xcplugin;
			};
			name = Debug;
		};
		1DEB913F08733D840010E9CD /* Debug */ = {
			isa = XCBuildConfiguration;
			buildSettings = {
				CURRENT_PROJECT_VERSION = 1.0.1;
				GCC_C_LANGUAGE_STANDARD = c99;
				GCC_OPTIMIZATION_LEVEL = 0;
				GCC_WARN_ABOUT_RETURN_TYPE = YES;
				GCC_WARN_UNUSED_VARIABLE = YES;
				INSTALL_PATH = "$(HOME)/Library/Application Support/Developer/Shared/Xcode/Plug-ins";
				MACOSX_DEPLOYMENT_TARGET = 10.7;
				ONLY_ACTIVE_ARCH = YES;
				SDKROOT = macosx;
			};
			name = Debug;
		};
/* End XCBuildConfiguration section */

/* Begin XCConfigurationList section */
		1DEB913A08733D840010E9CD /* Build configuration list for PBXNativeTarget "SFDYCIPlugin" */ = {
			isa = XCConfigurationList;
			buildConfigurations = (
				1DEB913B08733D840010E9CD /* Debug */,
			);
			defaultConfigurationIsVisible = 0;
			defaultConfigurationName = Debug;
		};
		1DEB913E08733D840010E9CD /* Build configuration list for PBXProject "SFDYCIPlugin" */ = {
			isa = XCConfigurationList;
			buildConfigurations = (
				1DEB913F08733D840010E9CD /* Debug */,
			);
			defaultConfigurationIsVisible = 0;
			defaultConfigurationName = Debug;
		};
/* End XCConfigurationList section */
	};
	rootObject = 089C1669FE841209C02AAC07 /* Project object */;
}
